
Microsoft Visual Studio Solution File, Format Version 12.00
# Visual Studio Version 17
VisualStudioVersion = 17.8.34004.107
MinimumVisualStudioVersion = 10.0.40219.1
Project("{888888A0-9F3D-457C-B088-3A5042F75D52}") = "PaddleX", "PaddleX.pyproj", "{756F0DE1-5FA7-4BC4-AEBA-00A3937C446E}"
EndProject
Global
	GlobalSection(SolutionConfigurationPlatforms) = preSolution
		Debug|Any CPU = Debug|Any CPU
		Release|Any CPU = Release|Any CPU
	EndGlobalSection
	GlobalSection(ProjectConfigurationPlatforms) = postSolution
		{756F0DE1-5FA7-4BC4-AEBA-00A3937C446E}.Debug|Any CPU.ActiveCfg = Debug|Any CPU
		{756F0DE1-5FA7-4BC4-AEBA-00A3937C446E}.Release|Any CPU.ActiveCfg = Release|Any CPU
	EndGlobalSection
	GlobalSection(SolutionProperties) = preSolution
		HideSolutionNode = FALSE
	EndGlobalSection
	GlobalSection(ExtensibilityGlobals) = postSolution
		SolutionGuid = {308318B5-AE28-4137-9D9D-28245CB3B7C8}
	EndGlobalSection
EndGlobal
